{
    "version": 3,
    "terraform_version": "0.11.7",
    "serial": 32,
    "lineage": "7f3f5ceb-14c4-cec4-b705-fccda880978c",
    "modules": [
        {
            "path": [
                "root"
            ],
            "outputs": {},
            "resources": {
                "aws_instance.master-instance": {
                    "type": "aws_instance",
                    "depends_on": [
                        "aws_subnet.public"
                    ],
                    "primary": {
                        "id": "i-081ae74b264dae1b9",
                        "attributes": {
                            "ami": "ami-2cf54551",
                            "associate_public_ip_address": "false",
                            "availability_zone": "eu-west-3c",
                            "credit_specification.#": "1",
                            "credit_specification.0.cpu_credits": "standard",
                            "disable_api_termination": "false",
                            "ebs_block_device.#": "0",
                            "ebs_optimized": "false",
                            "ephemeral_block_device.#": "0",
                            "get_password_data": "false",
                            "iam_instance_profile": "",
                            "id": "i-081ae74b264dae1b9",
                            "instance_state": "running",
                            "instance_type": "t2.micro",
                            "ipv6_addresses.#": "0",
                            "key_name": "",
                            "monitoring": "false",
                            "network_interface.#": "0",
                            "network_interface_id": "eni-aba60c80",
                            "password_data": "",
                            "placement_group": "",
                            "primary_network_interface_id": "eni-aba60c80",
                            "private_dns": "ip-10-0-1-187.eu-west-3.compute.internal",
                            "private_ip": "10.0.1.187",
                            "public_dns": "",
                            "public_ip": "",
                            "root_block_device.#": "1",
                            "root_block_device.0.delete_on_termination": "true",
                            "root_block_device.0.iops": "100",
                            "root_block_device.0.volume_id": "vol-0220a4c7a40acf232",
                            "root_block_device.0.volume_size": "8",
                            "root_block_device.0.volume_type": "gp2",
                            "security_groups.#": "0",
                            "source_dest_check": "true",
                            "subnet_id": "subnet-fa5380b7",
                            "tags.%": "1",
                            "tags.Topic": "Tarraform Training",
                            "tenancy": "default",
                            "volume_tags.%": "0",
                            "vpc_security_group_ids.#": "1",
                            "vpc_security_group_ids.1585822972": "sg-90b711f8"
                        },
                        "meta": {
                            "e2bfb730-ecaa-11e6-8f88-34363bc7c4c0": {
                                "create": 600000000000,
                                "delete": 1200000000000,
                                "update": 600000000000
                            },
                            "schema_version": "1"
                        },
                        "tainted": false
                    },
                    "deposed": [],
                    "provider": "provider.aws"
                },
                "aws_instance.slave-instance": {
                    "type": "aws_instance",
                    "depends_on": [
                        "aws_instance.master-instance",
                        "aws_subnet.public"
                    ],
                    "primary": {
                        "id": "i-0d7b256ba8cd46e2c",
                        "attributes": {
                            "ami": "ami-2cf54551",
                            "associate_public_ip_address": "false",
                            "availability_zone": "eu-west-3c",
                            "credit_specification.#": "1",
                            "credit_specification.0.cpu_credits": "standard",
                            "disable_api_termination": "false",
                            "ebs_block_device.#": "0",
                            "ebs_optimized": "false",
                            "ephemeral_block_device.#": "0",
                            "get_password_data": "false",
                            "iam_instance_profile": "",
                            "id": "i-0d7b256ba8cd46e2c",
                            "instance_state": "running",
                            "instance_type": "t2.micro",
                            "ipv6_addresses.#": "0",
                            "key_name": "",
                            "monitoring": "false",
                            "network_interface.#": "0",
                            "network_interface_id": "eni-58a10b73",
                            "password_data": "",
                            "placement_group": "",
                            "primary_network_interface_id": "eni-58a10b73",
                            "private_dns": "ip-10-0-1-158.eu-west-3.compute.internal",
                            "private_ip": "10.0.1.158",
                            "public_dns": "",
                            "public_ip": "",
                            "root_block_device.#": "1",
                            "root_block_device.0.delete_on_termination": "true",
                            "root_block_device.0.iops": "100",
                            "root_block_device.0.volume_id": "vol-06a69caf24c60f6b5",
                            "root_block_device.0.volume_size": "8",
                            "root_block_device.0.volume_type": "gp2",
                            "security_groups.#": "0",
                            "source_dest_check": "true",
                            "subnet_id": "subnet-fa5380b7",
                            "tags.%": "1",
                            "tags.Topic": "Tarraform Training",
                            "tenancy": "default",
                            "volume_tags.%": "0",
                            "vpc_security_group_ids.#": "1",
                            "vpc_security_group_ids.1585822972": "sg-90b711f8"
                        },
                        "meta": {
                            "e2bfb730-ecaa-11e6-8f88-34363bc7c4c0": {
                                "create": 600000000000,
                                "delete": 1200000000000,
                                "update": 600000000000
                            },
                            "schema_version": "1"
                        },
                        "tainted": false
                    },
                    "deposed": [],
                    "provider": "provider.aws"
                },
                "aws_subnet.public": {
                    "type": "aws_subnet",
                    "depends_on": [
                        "aws_vpc.my_vpc"
                    ],
                    "primary": {
                        "id": "subnet-fa5380b7",
                        "attributes": {
                            "assign_ipv6_address_on_creation": "false",
                            "availability_zone": "eu-west-3c",
                            "cidr_block": "10.0.1.0/24",
                            "id": "subnet-fa5380b7",
                            "map_public_ip_on_launch": "false",
                            "tags.%": "1",
                            "tags.Topic": "Tarraform Training",
                            "vpc_id": "vpc-5fd59936"
                        },
                        "meta": {
                            "schema_version": "1"
                        },
                        "tainted": false
                    },
                    "deposed": [],
                    "provider": "provider.aws"
                },
                "aws_vpc.my_vpc": {
                    "type": "aws_vpc",
                    "depends_on": [],
                    "primary": {
                        "id": "vpc-5fd59936",
                        "attributes": {
                            "assign_generated_ipv6_cidr_block": "false",
                            "cidr_block": "10.0.0.0/16",
                            "default_network_acl_id": "acl-5b570632",
                            "default_route_table_id": "rtb-73035f1a",
                            "default_security_group_id": "sg-90b711f8",
                            "dhcp_options_id": "dopt-caa7c1a3",
                            "enable_dns_hostnames": "false",
                            "enable_dns_support": "true",
                            "id": "vpc-5fd59936",
                            "instance_tenancy": "default",
                            "main_route_table_id": "rtb-73035f1a",
                            "tags.%": "2",
                            "tags.Name": "main",
                            "tags.Topic": "Tarraform Training"
                        },
                        "meta": {
                            "schema_version": "1"
                        },
                        "tainted": false
                    },
                    "deposed": [],
                    "provider": "provider.aws"
                }
            },
            "depends_on": []
        },
        {
            "path": [
                "root",
                "crazy_foods"
            ],
            "outputs": {
                "hostname": {
                    "sensitive": false,
                    "type": "string",
                    "value": "ip-10-0-1-188.eu-west-3.compute.internal"
                }
            },
            "resources": {
                "aws_instance.mighty-trousers": {
                    "type": "aws_instance",
                    "depends_on": [
                        "aws_security_group.allow_http"
                    ],
                    "primary": {
                        "id": "i-02500e7e74a04b569",
                        "attributes": {
                            "ami": "ami-2cf54551",
                            "associate_public_ip_address": "false",
                            "availability_zone": "eu-west-3c",
                            "credit_specification.#": "1",
                            "credit_specification.0.cpu_credits": "standard",
                            "disable_api_termination": "false",
                            "ebs_block_device.#": "0",
                            "ebs_optimized": "false",
                            "ephemeral_block_device.#": "0",
                            "get_password_data": "false",
                            "iam_instance_profile": "",
                            "id": "i-02500e7e74a04b569",
                            "instance_state": "running",
                            "instance_type": "t2.micro",
                            "ipv6_addresses.#": "0",
                            "key_name": "",
                            "monitoring": "false",
                            "network_interface.#": "0",
                            "network_interface_id": "eni-f1a10bda",
                            "password_data": "",
                            "placement_group": "",
                            "primary_network_interface_id": "eni-f1a10bda",
                            "private_dns": "ip-10-0-1-188.eu-west-3.compute.internal",
                            "private_ip": "10.0.1.188",
                            "public_dns": "",
                            "public_ip": "",
                            "root_block_device.#": "1",
                            "root_block_device.0.delete_on_termination": "true",
                            "root_block_device.0.iops": "100",
                            "root_block_device.0.volume_id": "vol-0b59c13d213829b53",
                            "root_block_device.0.volume_size": "8",
                            "root_block_device.0.volume_type": "gp2",
                            "security_groups.#": "0",
                            "source_dest_check": "true",
                            "subnet_id": "subnet-fa5380b7",
                            "tags.%": "0",
                            "tenancy": "default",
                            "volume_tags.%": "0",
                            "vpc_security_group_ids.#": "1",
                            "vpc_security_group_ids.661461539": "sg-78ab0d10"
                        },
                        "meta": {
                            "e2bfb730-ecaa-11e6-8f88-34363bc7c4c0": {
                                "create": 600000000000,
                                "delete": 1200000000000,
                                "update": 600000000000
                            },
                            "schema_version": "1"
                        },
                        "tainted": false
                    },
                    "deposed": [],
                    "provider": "provider.aws"
                },
                "aws_security_group.allow_http": {
                    "type": "aws_security_group",
                    "depends_on": [],
                    "primary": {
                        "id": "sg-78ab0d10",
                        "attributes": {
                            "arn": "arn:aws:ec2:eu-west-3:322016235391:security-group/sg-78ab0d10",
                            "description": "Allow HTTP traffic",
                            "egress.#": "1",
                            "egress.482069346.cidr_blocks.#": "1",
                            "egress.482069346.cidr_blocks.0": "0.0.0.0/0",
                            "egress.482069346.description": "",
                            "egress.482069346.from_port": "0",
                            "egress.482069346.ipv6_cidr_blocks.#": "0",
                            "egress.482069346.prefix_list_ids.#": "0",
                            "egress.482069346.protocol": "-1",
                            "egress.482069346.security_groups.#": "0",
                            "egress.482069346.self": "false",
                            "egress.482069346.to_port": "0",
                            "id": "sg-78ab0d10",
                            "ingress.#": "1",
                            "ingress.2214680975.cidr_blocks.#": "1",
                            "ingress.2214680975.cidr_blocks.0": "0.0.0.0/0",
                            "ingress.2214680975.description": "",
                            "ingress.2214680975.from_port": "80",
                            "ingress.2214680975.ipv6_cidr_blocks.#": "0",
                            "ingress.2214680975.protocol": "tcp",
                            "ingress.2214680975.security_groups.#": "0",
                            "ingress.2214680975.self": "false",
                            "ingress.2214680975.to_port": "80",
                            "name": "CrazyFoods ip-10-0-1-83.eu-west-3.compute.internal-allow_http",
                            "owner_id": "322016235391",
                            "revoke_rules_on_delete": "false",
                            "tags.%": "0",
                            "vpc_id": "vpc-5fd59936"
                        },
                        "meta": {
                            "e2bfb730-ecaa-11e6-8f88-34363bc7c4c0": {
                                "create": 600000000000,
                                "delete": 600000000000
                            },
                            "schema_version": "1"
                        },
                        "tainted": false
                    },
                    "deposed": [],
                    "provider": "provider.aws"
                }
            },
            "depends_on": []
        },
        {
            "path": [
                "root",
                "mighty_trousers"
            ],
            "outputs": {
                "hostname": {
                    "sensitive": false,
                    "type": "string",
                    "value": "ip-10-0-1-83.eu-west-3.compute.internal"
                }
            },
            "resources": {
                "aws_instance.mighty-trousers": {
                    "type": "aws_instance",
                    "depends_on": [
                        "aws_security_group.allow_http"
                    ],
                    "primary": {
                        "id": "i-09d7b5235deb066af",
                        "attributes": {
                            "ami": "ami-2cf54551",
                            "associate_public_ip_address": "false",
                            "availability_zone": "eu-west-3c",
                            "credit_specification.#": "1",
                            "credit_specification.0.cpu_credits": "standard",
                            "disable_api_termination": "false",
                            "ebs_block_device.#": "0",
                            "ebs_optimized": "false",
                            "ephemeral_block_device.#": "0",
                            "get_password_data": "false",
                            "iam_instance_profile": "",
                            "id": "i-09d7b5235deb066af",
                            "instance_state": "running",
                            "instance_type": "t2.micro",
                            "ipv6_addresses.#": "0",
                            "key_name": "",
                            "monitoring": "false",
                            "network_interface.#": "0",
                            "network_interface_id": "eni-cea60ce5",
                            "password_data": "",
                            "placement_group": "",
                            "primary_network_interface_id": "eni-cea60ce5",
                            "private_dns": "ip-10-0-1-83.eu-west-3.compute.internal",
                            "private_ip": "10.0.1.83",
                            "public_dns": "",
                            "public_ip": "",
                            "root_block_device.#": "1",
                            "root_block_device.0.delete_on_termination": "true",
                            "root_block_device.0.iops": "100",
                            "root_block_device.0.volume_id": "vol-012d50dd6bb7c8d8b",
                            "root_block_device.0.volume_size": "8",
                            "root_block_device.0.volume_type": "gp2",
                            "security_groups.#": "0",
                            "source_dest_check": "true",
                            "subnet_id": "subnet-fa5380b7",
                            "tags.%": "0",
                            "tenancy": "default",
                            "volume_tags.%": "0",
                            "vpc_security_group_ids.#": "1",
                            "vpc_security_group_ids.3426237723": "sg-fbb71193"
                        },
                        "meta": {
                            "e2bfb730-ecaa-11e6-8f88-34363bc7c4c0": {
                                "create": 600000000000,
                                "delete": 1200000000000,
                                "update": 600000000000
                            },
                            "schema_version": "1"
                        },
                        "tainted": false
                    },
                    "deposed": [],
                    "provider": "provider.aws"
                },
                "aws_security_group.allow_http": {
                    "type": "aws_security_group",
                    "depends_on": [],
                    "primary": {
                        "id": "sg-fbb71193",
                        "attributes": {
                            "arn": "arn:aws:ec2:eu-west-3:322016235391:security-group/sg-fbb71193",
                            "description": "Allow HTTP traffic",
                            "egress.#": "1",
                            "egress.482069346.cidr_blocks.#": "1",
                            "egress.482069346.cidr_blocks.0": "0.0.0.0/0",
                            "egress.482069346.description": "",
                            "egress.482069346.from_port": "0",
                            "egress.482069346.ipv6_cidr_blocks.#": "0",
                            "egress.482069346.prefix_list_ids.#": "0",
                            "egress.482069346.protocol": "-1",
                            "egress.482069346.security_groups.#": "0",
                            "egress.482069346.self": "false",
                            "egress.482069346.to_port": "0",
                            "id": "sg-fbb71193",
                            "ingress.#": "1",
                            "ingress.2214680975.cidr_blocks.#": "1",
                            "ingress.2214680975.cidr_blocks.0": "0.0.0.0/0",
                            "ingress.2214680975.description": "",
                            "ingress.2214680975.from_port": "80",
                            "ingress.2214680975.ipv6_cidr_blocks.#": "0",
                            "ingress.2214680975.protocol": "tcp",
                            "ingress.2214680975.security_groups.#": "0",
                            "ingress.2214680975.self": "false",
                            "ingress.2214680975.to_port": "80",
                            "name": "MightyTrousers-allow_http",
                            "owner_id": "322016235391",
                            "revoke_rules_on_delete": "false",
                            "tags.%": "0",
                            "vpc_id": "vpc-5fd59936"
                        },
                        "meta": {
                            "e2bfb730-ecaa-11e6-8f88-34363bc7c4c0": {
                                "create": 600000000000,
                                "delete": 600000000000
                            },
                            "schema_version": "1"
                        },
                        "tainted": false
                    },
                    "deposed": [],
                    "provider": "provider.aws"
                }
            },
            "depends_on": []
        }
    ]
}
