{
    "version": 3,
    "terraform_version": "0.11.7",
    "serial": 23,
    "lineage": "7f3f5ceb-14c4-cec4-b705-fccda880978c",
    "modules": [
        {
            "path": [
                "root"
            ],
            "outputs": {},
            "resources": {
                "aws_instance.master-instance": {
                    "type": "aws_instance",
                    "depends_on": [
                        "aws_subnet.public"
                    ],
                    "primary": {
                        "id": "i-056319bb5769c769f",
                        "attributes": {
                            "ami": "ami-2cf54551",
                            "associate_public_ip_address": "false",
                            "availability_zone": "eu-west-3a",
                            "credit_specification.#": "1",
                            "credit_specification.0.cpu_credits": "standard",
                            "disable_api_termination": "false",
                            "ebs_block_device.#": "0",
                            "ebs_optimized": "false",
                            "ephemeral_block_device.#": "0",
                            "get_password_data": "false",
                            "iam_instance_profile": "",
                            "id": "i-056319bb5769c769f",
                            "instance_state": "running",
                            "instance_type": "t2.micro",
                            "ipv6_addresses.#": "0",
                            "key_name": "",
                            "monitoring": "false",
                            "network_interface.#": "0",
                            "network_interface_id": "eni-21dfd17e",
                            "password_data": "",
                            "placement_group": "",
                            "primary_network_interface_id": "eni-21dfd17e",
                            "private_dns": "ip-10-0-1-165.eu-west-3.compute.internal",
                            "private_ip": "10.0.1.165",
                            "public_dns": "",
                            "public_ip": "",
                            "root_block_device.#": "1",
                            "root_block_device.0.delete_on_termination": "true",
                            "root_block_device.0.iops": "100",
                            "root_block_device.0.volume_id": "vol-064c9b5e34591859a",
                            "root_block_device.0.volume_size": "8",
                            "root_block_device.0.volume_type": "gp2",
                            "security_groups.#": "0",
                            "source_dest_check": "true",
                            "subnet_id": "subnet-6de29704",
                            "tags.%": "1",
                            "tags.Topic": "Tarraform Training",
                            "tenancy": "default",
                            "volume_tags.%": "0",
                            "vpc_security_group_ids.#": "1",
                            "vpc_security_group_ids.1258266650": "sg-c18327a9"
                        },
                        "meta": {
                            "e2bfb730-ecaa-11e6-8f88-34363bc7c4c0": {
                                "create": 600000000000,
                                "delete": 1200000000000,
                                "update": 600000000000
                            },
                            "schema_version": "1"
                        },
                        "tainted": false
                    },
                    "deposed": [],
                    "provider": "provider.aws"
                },
                "aws_instance.mighty-trousers": {
                    "type": "aws_instance",
                    "depends_on": [
                        "aws_security_group.allow_http",
                        "aws_subnet.public"
                    ],
                    "primary": {
                        "id": "i-0fe9933639adc4046",
                        "attributes": {
                            "ami": "ami-2cf54551",
                            "associate_public_ip_address": "false",
                            "availability_zone": "eu-west-3a",
                            "credit_specification.#": "1",
                            "credit_specification.0.cpu_credits": "standard",
                            "disable_api_termination": "false",
                            "ebs_block_device.#": "0",
                            "ebs_optimized": "false",
                            "ephemeral_block_device.#": "0",
                            "get_password_data": "false",
                            "iam_instance_profile": "",
                            "id": "i-0fe9933639adc4046",
                            "instance_state": "running",
                            "instance_type": "t2.micro",
                            "ipv6_addresses.#": "0",
                            "key_name": "",
                            "monitoring": "false",
                            "network_interface.#": "0",
                            "network_interface_id": "eni-c5dad49a",
                            "password_data": "",
                            "placement_group": "",
                            "primary_network_interface_id": "eni-c5dad49a",
                            "private_dns": "ip-10-0-1-178.eu-west-3.compute.internal",
                            "private_ip": "10.0.1.178",
                            "public_dns": "",
                            "public_ip": "",
                            "root_block_device.#": "1",
                            "root_block_device.0.delete_on_termination": "true",
                            "root_block_device.0.iops": "100",
                            "root_block_device.0.volume_id": "vol-0f3caeba131240d00",
                            "root_block_device.0.volume_size": "8",
                            "root_block_device.0.volume_type": "gp2",
                            "security_groups.#": "0",
                            "source_dest_check": "true",
                            "subnet_id": "subnet-6de29704",
                            "tags.%": "1",
                            "tags.Topic": "Tarraform Training",
                            "tenancy": "default",
                            "volume_tags.%": "0",
                            "vpc_security_group_ids.#": "1",
                            "vpc_security_group_ids.598658768": "sg-c68622ae"
                        },
                        "meta": {
                            "e2bfb730-ecaa-11e6-8f88-34363bc7c4c0": {
                                "create": 600000000000,
                                "delete": 1200000000000,
                                "update": 600000000000
                            },
                            "schema_version": "1"
                        },
                        "tainted": false
                    },
                    "deposed": [],
                    "provider": "provider.aws"
                },
                "aws_instance.slave-instance": {
                    "type": "aws_instance",
                    "depends_on": [
                        "aws_instance.master-instance",
                        "aws_subnet.public"
                    ],
                    "primary": {
                        "id": "i-08f5cca418faac393",
                        "attributes": {
                            "ami": "ami-2cf54551",
                            "associate_public_ip_address": "false",
                            "availability_zone": "eu-west-3a",
                            "credit_specification.#": "1",
                            "credit_specification.0.cpu_credits": "standard",
                            "disable_api_termination": "false",
                            "ebs_block_device.#": "0",
                            "ebs_optimized": "false",
                            "ephemeral_block_device.#": "0",
                            "get_password_data": "false",
                            "iam_instance_profile": "",
                            "id": "i-08f5cca418faac393",
                            "instance_state": "running",
                            "instance_type": "t2.micro",
                            "ipv6_addresses.#": "0",
                            "key_name": "",
                            "monitoring": "false",
                            "network_interface.#": "0",
                            "network_interface_id": "eni-dcddd383",
                            "password_data": "",
                            "placement_group": "",
                            "primary_network_interface_id": "eni-dcddd383",
                            "private_dns": "ip-10-0-1-97.eu-west-3.compute.internal",
                            "private_ip": "10.0.1.97",
                            "public_dns": "",
                            "public_ip": "",
                            "root_block_device.#": "1",
                            "root_block_device.0.delete_on_termination": "true",
                            "root_block_device.0.iops": "100",
                            "root_block_device.0.volume_id": "vol-0b4debed3ad93cff9",
                            "root_block_device.0.volume_size": "8",
                            "root_block_device.0.volume_type": "gp2",
                            "security_groups.#": "0",
                            "source_dest_check": "true",
                            "subnet_id": "subnet-6de29704",
                            "tags.%": "0",
                            "tenancy": "default",
                            "volume_tags.%": "0",
                            "vpc_security_group_ids.#": "1",
                            "vpc_security_group_ids.1258266650": "sg-c18327a9"
                        },
                        "meta": {
                            "e2bfb730-ecaa-11e6-8f88-34363bc7c4c0": {
                                "create": 600000000000,
                                "delete": 1200000000000,
                                "update": 600000000000
                            },
                            "schema_version": "1"
                        },
                        "tainted": false
                    },
                    "deposed": [],
                    "provider": "provider.aws"
                },
                "aws_security_group.allow_http": {
                    "type": "aws_security_group",
                    "depends_on": [
                        "aws_vpc.my_vpc"
                    ],
                    "primary": {
                        "id": "sg-c68622ae",
                        "attributes": {
                            "arn": "arn:aws:ec2:eu-west-3:322016235391:security-group/sg-c68622ae",
                            "description": "Allow HTTP traffic",
                            "egress.#": "1",
                            "egress.482069346.cidr_blocks.#": "1",
                            "egress.482069346.cidr_blocks.0": "0.0.0.0/0",
                            "egress.482069346.description": "",
                            "egress.482069346.from_port": "0",
                            "egress.482069346.ipv6_cidr_blocks.#": "0",
                            "egress.482069346.prefix_list_ids.#": "0",
                            "egress.482069346.protocol": "-1",
                            "egress.482069346.security_groups.#": "0",
                            "egress.482069346.self": "false",
                            "egress.482069346.to_port": "0",
                            "id": "sg-c68622ae",
                            "ingress.#": "1",
                            "ingress.2214680975.cidr_blocks.#": "1",
                            "ingress.2214680975.cidr_blocks.0": "0.0.0.0/0",
                            "ingress.2214680975.description": "",
                            "ingress.2214680975.from_port": "80",
                            "ingress.2214680975.ipv6_cidr_blocks.#": "0",
                            "ingress.2214680975.protocol": "tcp",
                            "ingress.2214680975.security_groups.#": "0",
                            "ingress.2214680975.self": "false",
                            "ingress.2214680975.to_port": "80",
                            "name": "allow_http",
                            "owner_id": "322016235391",
                            "revoke_rules_on_delete": "false",
                            "tags.%": "1",
                            "tags.Topic": "Tarraform Training",
                            "vpc_id": "vpc-eff7ba86"
                        },
                        "meta": {
                            "e2bfb730-ecaa-11e6-8f88-34363bc7c4c0": {
                                "create": 600000000000,
                                "delete": 600000000000
                            },
                            "schema_version": "1"
                        },
                        "tainted": false
                    },
                    "deposed": [],
                    "provider": "provider.aws"
                },
                "aws_subnet.public": {
                    "type": "aws_subnet",
                    "depends_on": [
                        "aws_vpc.my_vpc"
                    ],
                    "primary": {
                        "id": "subnet-6de29704",
                        "attributes": {
                            "assign_ipv6_address_on_creation": "false",
                            "availability_zone": "eu-west-3a",
                            "cidr_block": "10.0.1.0/24",
                            "id": "subnet-6de29704",
                            "map_public_ip_on_launch": "false",
                            "tags.%": "1",
                            "tags.Topic": "Tarraform Training",
                            "vpc_id": "vpc-eff7ba86"
                        },
                        "meta": {
                            "schema_version": "1"
                        },
                        "tainted": false
                    },
                    "deposed": [],
                    "provider": "provider.aws"
                },
                "aws_vpc.my_vpc": {
                    "type": "aws_vpc",
                    "depends_on": [],
                    "primary": {
                        "id": "vpc-eff7ba86",
                        "attributes": {
                            "assign_generated_ipv6_cidr_block": "false",
                            "cidr_block": "10.0.0.0/16",
                            "default_network_acl_id": "acl-0a491f63",
                            "default_route_table_id": "rtb-bc316cd5",
                            "default_security_group_id": "sg-c18327a9",
                            "dhcp_options_id": "dopt-caa7c1a3",
                            "enable_dns_hostnames": "false",
                            "enable_dns_support": "true",
                            "id": "vpc-eff7ba86",
                            "instance_tenancy": "default",
                            "main_route_table_id": "rtb-bc316cd5",
                            "tags.%": "2",
                            "tags.Name": "main",
                            "tags.Topic": "Tarraform Training"
                        },
                        "meta": {
                            "schema_version": "1"
                        },
                        "tainted": false
                    },
                    "deposed": [],
                    "provider": "provider.aws"
                }
            },
            "depends_on": []
        }
    ]
}
